
Microsoft Visual Studio Solution File, Format Version 12.00
# Visual Studio Version 16
VisualStudioVersion = 16.0.31729.503
MinimumVisualStudioVersion = 10.0.40219.1
Project("{FAE04EC0-301F-11D3-BF4B-00C04F79EFBC}") = "Bezier Grapher", "Bezier Grapher\Bezier Grapher.csproj", "{B0D47277-6580-4936-8076-6A105E1A0A40}"
EndProject
Global
	GlobalSection(SolutionConfigurationPlatforms) = preSolution
		Debug|Any CPU = Debug|Any CPU
		Release|Any CPU = Release|Any CPU
	EndGlobalSection
	GlobalSection(ProjectConfigurationPlatforms) = postSolution
		{B0D47277-6580-4936-8076-6A105E1A0A40}.Debug|Any CPU.ActiveCfg = Debug|Any CPU
		{B0D47277-6580-4936-8076-6A105E1A0A40}.Debug|Any CPU.Build.0 = Debug|Any CPU
		{B0D47277-6580-4936-8076-6A105E1A0A40}.Release|Any CPU.ActiveCfg = Release|Any CPU
		{B0D47277-6580-4936-8076-6A105E1A0A40}.Release|Any CPU.Build.0 = Release|Any CPU
	EndGlobalSection
	GlobalSection(SolutionProperties) = preSolution
		HideSolutionNode = FALSE
	EndGlobalSection
	GlobalSection(ExtensibilityGlobals) = postSolution
		SolutionGuid = {4E4813EF-F0E3-4537-B583-ABE5510BB51B}
	EndGlobalSection
EndGlobal
